
Microsoft Visual Studio Solution File, Format Version 12.00
# Visual Studio Version 17
VisualStudioVersion = 17.1.32328.378
MinimumVisualStudioVersion = 10.0.40219.1
Project("{2150E333-8FDC-42A3-9474-1A3956D46DE8}") = "Question1", "Question1", "{14D52A89-0DB6-4C83-81F0-72A2AF832E66}"
EndProject
Project("{FAE04EC0-301F-11D3-BF4B-00C04F79EFBC}") = "gubiarpa.algorithms-partial.question-1", "gubiarpa.algorithms-partial.question-1\gubiarpa.algorithms-partial.question-1.csproj", "{2BD08BD5-BC16-433E-9F3B-DFC6CF0E3DB5}"
EndProject
Global
	GlobalSection(SolutionConfigurationPlatforms) = preSolution
		Debug|Any CPU = Debug|Any CPU
		Release|Any CPU = Release|Any CPU
	EndGlobalSection
	GlobalSection(ProjectConfigurationPlatforms) = postSolution
		{2BD08BD5-BC16-433E-9F3B-DFC6CF0E3DB5}.Debug|Any CPU.ActiveCfg = Debug|Any CPU
		{2BD08BD5-BC16-433E-9F3B-DFC6CF0E3DB5}.Debug|Any CPU.Build.0 = Debug|Any CPU
		{2BD08BD5-BC16-433E-9F3B-DFC6CF0E3DB5}.Release|Any CPU.ActiveCfg = Release|Any CPU
		{2BD08BD5-BC16-433E-9F3B-DFC6CF0E3DB5}.Release|Any CPU.Build.0 = Release|Any CPU
	EndGlobalSection
	GlobalSection(SolutionProperties) = preSolution
		HideSolutionNode = FALSE
	EndGlobalSection
	GlobalSection(NestedProjects) = preSolution
		{2BD08BD5-BC16-433E-9F3B-DFC6CF0E3DB5} = {14D52A89-0DB6-4C83-81F0-72A2AF832E66}
	EndGlobalSection
	GlobalSection(ExtensibilityGlobals) = postSolution
		SolutionGuid = {2A7E25E0-42E5-4974-B547-DAA9B9602069}
	EndGlobalSection
EndGlobal
